
Microsoft Visual Studio Solution File, Format Version 12.00
# Visual Studio Version 17
VisualStudioVersion = 17.5.2.0
MinimumVisualStudioVersion = 10.0.40219.1
Project("{2150E333-8FDC-42A3-9474-1A3956D46DE8}") = "src", "src", "{827E0CD3-B72D-47B6-A68D-7590B98EB39B}"
EndProject
Project("{FAE04EC0-301F-11D3-BF4B-00C04F79EFBC}") = "NeoTask.ApiService", "src\NeoTask.ApiService\NeoTask.ApiService.csproj", "{3C56D6F2-C971-2BBF-0B0D-4EC18E765BDC}"
EndProject
Project("{FAE04EC0-301F-11D3-BF4B-00C04F79EFBC}") = "NeoTask.AppHost", "src\NeoTask.AppHost\NeoTask.AppHost.csproj", "{AEA502E9-33A4-4F04-3DE1-59C2E5D7A9EC}"
EndProject
Project("{FAE04EC0-301F-11D3-BF4B-00C04F79EFBC}") = "NeoTask.ServiceDefaults", "src\NeoTask.ServiceDefaults\NeoTask.ServiceDefaults.csproj", "{9AFBCB94-0F84-99A8-0B04-E2CFA964631A}"
EndProject
Project("{FAE04EC0-301F-11D3-BF4B-00C04F79EFBC}") = "NeoTask.Tests", "src\NeoTask.Tests\NeoTask.Tests.csproj", "{7D2BB728-92CE-B012-3996-3A18D11632B5}"
EndProject
Project("{FAE04EC0-301F-11D3-BF4B-00C04F79EFBC}") = "NeoTask.WebApp", "src\NeoTask.WebApp\NeoTask.WebApp\NeoTask.WebApp.csproj", "{296C1978-A0FE-4DB9-93E9-0DB69A86F972}"
EndProject
Project("{FAE04EC0-301F-11D3-BF4B-00C04F79EFBC}") = "NeoTask.WebApp.Client", "src\NeoTask.WebApp\NeoTask.WebApp.Client\NeoTask.WebApp.Client.csproj", "{0431E2D0-7051-4AEA-AB03-0E341E863F61}"
EndProject
Global
	GlobalSection(SolutionConfigurationPlatforms) = preSolution
		Debug|Any CPU = Debug|Any CPU
		Debug|x64 = Debug|x64
		Debug|x86 = Debug|x86
		Release|Any CPU = Release|Any CPU
		Release|x64 = Release|x64
		Release|x86 = Release|x86
	EndGlobalSection
	GlobalSection(ProjectConfigurationPlatforms) = postSolution
		{3C56D6F2-C971-2BBF-0B0D-4EC18E765BDC}.Debug|Any CPU.ActiveCfg = Debug|Any CPU
		{3C56D6F2-C971-2BBF-0B0D-4EC18E765BDC}.Debug|Any CPU.Build.0 = Debug|Any CPU
		{3C56D6F2-C971-2BBF-0B0D-4EC18E765BDC}.Debug|x64.ActiveCfg = Debug|Any CPU
		{3C56D6F2-C971-2BBF-0B0D-4EC18E765BDC}.Debug|x64.Build.0 = Debug|Any CPU
		{3C56D6F2-C971-2BBF-0B0D-4EC18E765BDC}.Debug|x86.ActiveCfg = Debug|Any CPU
		{3C56D6F2-C971-2BBF-0B0D-4EC18E765BDC}.Debug|x86.Build.0 = Debug|Any CPU
		{3C56D6F2-C971-2BBF-0B0D-4EC18E765BDC}.Release|Any CPU.ActiveCfg = Release|Any CPU
		{3C56D6F2-C971-2BBF-0B0D-4EC18E765BDC}.Release|Any CPU.Build.0 = Release|Any CPU
		{3C56D6F2-C971-2BBF-0B0D-4EC18E765BDC}.Release|x64.ActiveCfg = Release|Any CPU
		{3C56D6F2-C971-2BBF-0B0D-4EC18E765BDC}.Release|x64.Build.0 = Release|Any CPU
		{3C56D6F2-C971-2BBF-0B0D-4EC18E765BDC}.Release|x86.ActiveCfg = Release|Any CPU
		{3C56D6F2-C971-2BBF-0B0D-4EC18E765BDC}.Release|x86.Build.0 = Release|Any CPU
		{AEA502E9-33A4-4F04-3DE1-59C2E5D7A9EC}.Debug|Any CPU.ActiveCfg = Debug|Any CPU
		{AEA502E9-33A4-4F04-3DE1-59C2E5D7A9EC}.Debug|Any CPU.Build.0 = Debug|Any CPU
		{AEA502E9-33A4-4F04-3DE1-59C2E5D7A9EC}.Debug|x64.ActiveCfg = Debug|Any CPU
		{AEA502E9-33A4-4F04-3DE1-59C2E5D7A9EC}.Debug|x64.Build.0 = Debug|Any CPU
		{AEA502E9-33A4-4F04-3DE1-59C2E5D7A9EC}.Debug|x86.ActiveCfg = Debug|Any CPU
		{AEA502E9-33A4-4F04-3DE1-59C2E5D7A9EC}.Debug|x86.Build.0 = Debug|Any CPU
		{AEA502E9-33A4-4F04-3DE1-59C2E5D7A9EC}.Release|Any CPU.ActiveCfg = Release|Any CPU
		{AEA502E9-33A4-4F04-3DE1-59C2E5D7A9EC}.Release|Any CPU.Build.0 = Release|Any CPU
		{AEA502E9-33A4-4F04-3DE1-59C2E5D7A9EC}.Release|x64.ActiveCfg = Release|Any CPU
		{AEA502E9-33A4-4F04-3DE1-59C2E5D7A9EC}.Release|x64.Build.0 = Release|Any CPU
		{AEA502E9-33A4-4F04-3DE1-59C2E5D7A9EC}.Release|x86.ActiveCfg = Release|Any CPU
		{AEA502E9-33A4-4F04-3DE1-59C2E5D7A9EC}.Release|x86.Build.0 = Release|Any CPU
		{9AFBCB94-0F84-99A8-0B04-E2CFA964631A}.Debug|Any CPU.ActiveCfg = Debug|Any CPU
		{9AFBCB94-0F84-99A8-0B04-E2CFA964631A}.Debug|Any CPU.Build.0 = Debug|Any CPU
		{9AFBCB94-0F84-99A8-0B04-E2CFA964631A}.Debug|x64.ActiveCfg = Debug|Any CPU
		{9AFBCB94-0F84-99A8-0B04-E2CFA964631A}.Debug|x64.Build.0 = Debug|Any CPU
		{9AFBCB94-0F84-99A8-0B04-E2CFA964631A}.Debug|x86.ActiveCfg = Debug|Any CPU
		{9AFBCB94-0F84-99A8-0B04-E2CFA964631A}.Debug|x86.Build.0 = Debug|Any CPU
		{9AFBCB94-0F84-99A8-0B04-E2CFA964631A}.Release|Any CPU.ActiveCfg = Release|Any CPU
		{9AFBCB94-0F84-99A8-0B04-E2CFA964631A}.Release|Any CPU.Build.0 = Release|Any CPU
		{9AFBCB94-0F84-99A8-0B04-E2CFA964631A}.Release|x64.ActiveCfg = Release|Any CPU
		{9AFBCB94-0F84-99A8-0B04-E2CFA964631A}.Release|x64.Build.0 = Release|Any CPU
		{9AFBCB94-0F84-99A8-0B04-E2CFA964631A}.Release|x86.ActiveCfg = Release|Any CPU
		{9AFBCB94-0F84-99A8-0B04-E2CFA964631A}.Release|x86.Build.0 = Release|Any CPU
		{7D2BB728-92CE-B012-3996-3A18D11632B5}.Debug|Any CPU.ActiveCfg = Debug|Any CPU
		{7D2BB728-92CE-B012-3996-3A18D11632B5}.Debug|Any CPU.Build.0 = Debug|Any CPU
		{7D2BB728-92CE-B012-3996-3A18D11632B5}.Debug|x64.ActiveCfg = Debug|Any CPU
		{7D2BB728-92CE-B012-3996-3A18D11632B5}.Debug|x64.Build.0 = Debug|Any CPU
		{7D2BB728-92CE-B012-3996-3A18D11632B5}.Debug|x86.ActiveCfg = Debug|Any CPU
		{7D2BB728-92CE-B012-3996-3A18D11632B5}.Debug|x86.Build.0 = Debug|Any CPU
		{7D2BB728-92CE-B012-3996-3A18D11632B5}.Release|Any CPU.ActiveCfg = Release|Any CPU
		{7D2BB728-92CE-B012-3996-3A18D11632B5}.Release|Any CPU.Build.0 = Release|Any CPU
		{7D2BB728-92CE-B012-3996-3A18D11632B5}.Release|x64.ActiveCfg = Release|Any CPU
		{7D2BB728-92CE-B012-3996-3A18D11632B5}.Release|x64.Build.0 = Release|Any CPU
		{7D2BB728-92CE-B012-3996-3A18D11632B5}.Release|x86.ActiveCfg = Release|Any CPU
		{7D2BB728-92CE-B012-3996-3A18D11632B5}.Release|x86.Build.0 = Release|Any CPU
		{296C1978-A0FE-4DB9-93E9-0DB69A86F972}.Debug|Any CPU.ActiveCfg = Debug|Any CPU
		{296C1978-A0FE-4DB9-93E9-0DB69A86F972}.Debug|Any CPU.Build.0 = Debug|Any CPU
		{296C1978-A0FE-4DB9-93E9-0DB69A86F972}.Debug|x64.ActiveCfg = Debug|Any CPU
		{296C1978-A0FE-4DB9-93E9-0DB69A86F972}.Debug|x64.Build.0 = Debug|Any CPU
		{296C1978-A0FE-4DB9-93E9-0DB69A86F972}.Debug|x86.ActiveCfg = Debug|Any CPU
		{296C1978-A0FE-4DB9-93E9-0DB69A86F972}.Debug|x86.Build.0 = Debug|Any CPU
		{296C1978-A0FE-4DB9-93E9-0DB69A86F972}.Release|Any CPU.ActiveCfg = Release|Any CPU
		{296C1978-A0FE-4DB9-93E9-0DB69A86F972}.Release|Any CPU.Build.0 = Release|Any CPU
		{296C1978-A0FE-4DB9-93E9-0DB69A86F972}.Release|x64.ActiveCfg = Release|Any CPU
		{296C1978-A0FE-4DB9-93E9-0DB69A86F972}.Release|x64.Build.0 = Release|Any CPU
		{296C1978-A0FE-4DB9-93E9-0DB69A86F972}.Release|x86.ActiveCfg = Release|Any CPU
		{296C1978-A0FE-4DB9-93E9-0DB69A86F972}.Release|x86.Build.0 = Release|Any CPU
		{0431E2D0-7051-4AEA-AB03-0E341E863F61}.Debug|Any CPU.ActiveCfg = Debug|Any CPU
		{0431E2D0-7051-4AEA-AB03-0E341E863F61}.Debug|Any CPU.Build.0 = Debug|Any CPU
		{0431E2D0-7051-4AEA-AB03-0E341E863F61}.Debug|x64.ActiveCfg = Debug|Any CPU
		{0431E2D0-7051-4AEA-AB03-0E341E863F61}.Debug|x64.Build.0 = Debug|Any CPU
		{0431E2D0-7051-4AEA-AB03-0E341E863F61}.Debug|x86.ActiveCfg = Debug|Any CPU
		{0431E2D0-7051-4AEA-AB03-0E341E863F61}.Debug|x86.Build.0 = Debug|Any CPU
		{0431E2D0-7051-4AEA-AB03-0E341E863F61}.Release|Any CPU.ActiveCfg = Release|Any CPU
		{0431E2D0-7051-4AEA-AB03-0E341E863F61}.Release|Any CPU.Build.0 = Release|Any CPU
		{0431E2D0-7051-4AEA-AB03-0E341E863F61}.Release|x64.ActiveCfg = Release|Any CPU
		{0431E2D0-7051-4AEA-AB03-0E341E863F61}.Release|x64.Build.0 = Release|Any CPU
		{0431E2D0-7051-4AEA-AB03-0E341E863F61}.Release|x86.ActiveCfg = Release|Any CPU
		{0431E2D0-7051-4AEA-AB03-0E341E863F61}.Release|x86.Build.0 = Release|Any CPU
	EndGlobalSection
	GlobalSection(SolutionProperties) = preSolution
		HideSolutionNode = FALSE
	EndGlobalSection
	GlobalSection(NestedProjects) = preSolution
		{3C56D6F2-C971-2BBF-0B0D-4EC18E765BDC} = {827E0CD3-B72D-47B6-A68D-7590B98EB39B}
		{AEA502E9-33A4-4F04-3DE1-59C2E5D7A9EC} = {827E0CD3-B72D-47B6-A68D-7590B98EB39B}
		{9AFBCB94-0F84-99A8-0B04-E2CFA964631A} = {827E0CD3-B72D-47B6-A68D-7590B98EB39B}
		{7D2BB728-92CE-B012-3996-3A18D11632B5} = {827E0CD3-B72D-47B6-A68D-7590B98EB39B}
		{296C1978-A0FE-4DB9-93E9-0DB69A86F972} = {827E0CD3-B72D-47B6-A68D-7590B98EB39B}
		{0431E2D0-7051-4AEA-AB03-0E341E863F61} = {827E0CD3-B72D-47B6-A68D-7590B98EB39B}
	EndGlobalSection
	GlobalSection(ExtensibilityGlobals) = postSolution
		SolutionGuid = {4E5D7650-0B61-4793-A3B5-51C92CB55F14}
	EndGlobalSection
EndGlobal
